// !$*UTF8*$!
{
	archiveVersion = 1;
	classes = {
	};
	objectVersion = 50;
	objects = {

/* Begin PBXBuildFile section */
		4D6CA3D921B1FC640020FDCF /* AppDelegate.swift in Sources */ = {isa = PBXBuildFile; fileRef = 4D6CA3D821B1FC640020FDCF /* AppDelegate.swift */; };
		4D6CA3DB21B1FC640020FDCF /* TableNoteViewController.swift in Sources */ = {isa = PBXBuildFile; fileRef = 4D6CA3DA21B1FC640020FDCF /* TableNoteViewController.swift */; };
		4D6CA3DE21B1FC640020FDCF /* Note.storyboard in Resources */ = {isa = PBXBuildFile; fileRef = 4D6CA3DC21B1FC640020FDCF /* Note.storyboard */; };
		4D6CA3E021B1FC660020FDCF /* Assets.xcassets in Resources */ = {isa = PBXBuildFile; fileRef = 4D6CA3DF21B1FC660020FDCF /* Assets.xcassets */; };
		4D6CA3E321B1FC660020FDCF /* LaunchScreen.storyboard in Resources */ = {isa = PBXBuildFile; fileRef = 4D6CA3E121B1FC660020FDCF /* LaunchScreen.storyboard */; };
		4D6CA3EC21B59BE90020FDCF /* NoteXibTableViewCell.swift in Sources */ = {isa = PBXBuildFile; fileRef = 4D6CA3EA21B59BE90020FDCF /* NoteXibTableViewCell.swift */; };
		4D6CA3ED21B59BE90020FDCF /* NoteXibTableViewCell.xib in Resources */ = {isa = PBXBuildFile; fileRef = 4D6CA3EB21B59BE90020FDCF /* NoteXibTableViewCell.xib */; };
		4D982A3C21CA896500D6E304 /* noteStruct.swift in Sources */ = {isa = PBXBuildFile; fileRef = 4D982A3B21CA896500D6E304 /* noteStruct.swift */; };
		4DCCB25121B95F1800DFC019 /* Calendar.storyboard in Resources */ = {isa = PBXBuildFile; fileRef = 4DCCB25021B95F1800DFC019 /* Calendar.storyboard */; };
		4DCCB25521B9641900DFC019 /* CalendarCollectionViewController.swift in Sources */ = {isa = PBXBuildFile; fileRef = 4DCCB25421B9641900DFC019 /* CalendarCollectionViewController.swift */; };
		4DCCB25721B964B200DFC019 /* CalendarCollectionViewCell.swift in Sources */ = {isa = PBXBuildFile; fileRef = 4DCCB25621B964B200DFC019 /* CalendarCollectionViewCell.swift */; };
		4DCCB25921B9743A00DFC019 /* SectionHeaderView.swift in Sources */ = {isa = PBXBuildFile; fileRef = 4DCCB25821B9743A00DFC019 /* SectionHeaderView.swift */; };
		4DF4A7DB21C3E59C0063FCCB /* AddNoteViewController.swift in Sources */ = {isa = PBXBuildFile; fileRef = 4DF4A7DA21C3E59C0063FCCB /* AddNoteViewController.swift */; };
/* End PBXBuildFile section */

/* Begin PBXFileReference section */
		4D6CA3D521B1FC640020FDCF /* Homework-6-iOS-UITableView.app */ = {isa = PBXFileReference; explicitFileType = wrapper.application; includeInIndex = 0; path = "Homework-6-iOS-UITableView.app"; sourceTree = BUILT_PRODUCTS_DIR; };
		4D6CA3D821B1FC640020FDCF /* AppDelegate.swift */ = {isa = PBXFileReference; lastKnownFileType = sourcecode.swift; path = AppDelegate.swift; sourceTree = "<group>"; };
		4D6CA3DA21B1FC640020FDCF /* TableNoteViewController.swift */ = {isa = PBXFileReference; lastKnownFileType = sourcecode.swift; path = TableNoteViewController.swift; sourceTree = "<group>"; };
		4D6CA3DD21B1FC640020FDCF /* Base */ = {isa = PBXFileReference; lastKnownFileType = file.storyboard; name = Base; path = Base.lproj/Note.storyboard; sourceTree = "<group>"; };
		4D6CA3DF21B1FC660020FDCF /* Assets.xcassets */ = {isa = PBXFileReference; lastKnownFileType = folder.assetcatalog; path = Assets.xcassets; sourceTree = "<group>"; };
		4D6CA3E221B1FC660020FDCF /* Base */ = {isa = PBXFileReference; lastKnownFileType = file.storyboard; name = Base; path = Base.lproj/LaunchScreen.storyboard; sourceTree = "<group>"; };
		4D6CA3E421B1FC660020FDCF /* Info.plist */ = {isa = PBXFileReference; lastKnownFileType = text.plist.xml; path = Info.plist; sourceTree = "<group>"; };
		4D6CA3EA21B59BE90020FDCF /* NoteXibTableViewCell.swift */ = {isa = PBXFileReference; lastKnownFileType = sourcecode.swift; path = NoteXibTableViewCell.swift; sourceTree = "<group>"; };
		4D6CA3EB21B59BE90020FDCF /* NoteXibTableViewCell.xib */ = {isa = PBXFileReference; lastKnownFileType = file.xib; path = NoteXibTableViewCell.xib; sourceTree = "<group>"; };
		4D982A3B21CA896500D6E304 /* noteStruct.swift */ = {isa = PBXFileReference; lastKnownFileType = sourcecode.swift; path = noteStruct.swift; sourceTree = "<group>"; };
		4DCCB25021B95F1800DFC019 /* Calendar.storyboard */ = {isa = PBXFileReference; lastKnownFileType = file.storyboard; path = Calendar.storyboard; sourceTree = "<group>"; };
		4DCCB25421B9641900DFC019 /* CalendarCollectionViewController.swift */ = {isa = PBXFileReference; lastKnownFileType = sourcecode.swift; path = CalendarCollectionViewController.swift; sourceTree = "<group>"; };
		4DCCB25621B964B200DFC019 /* CalendarCollectionViewCell.swift */ = {isa = PBXFileReference; lastKnownFileType = sourcecode.swift; path = CalendarCollectionViewCell.swift; sourceTree = "<group>"; };
		4DCCB25821B9743A00DFC019 /* SectionHeaderView.swift */ = {isa = PBXFileReference; lastKnownFileType = sourcecode.swift; path = SectionHeaderView.swift; sourceTree = "<group>"; };
		4DF4A7DA21C3E59C0063FCCB /* AddNoteViewController.swift */ = {isa = PBXFileReference; lastKnownFileType = sourcecode.swift; path = AddNoteViewController.swift; sourceTree = "<group>"; };
/* End PBXFileReference section */

/* Begin PBXFrameworksBuildPhase section */
		4D6CA3D221B1FC640020FDCF /* Frameworks */ = {
			isa = PBXFrameworksBuildPhase;
			buildActionMask = 2147483647;
			files = (
			);
			runOnlyForDeploymentPostprocessing = 0;
		};
/* End PBXFrameworksBuildPhase section */

/* Begin PBXGroup section */
		4D6CA3CC21B1FC640020FDCF = {
			isa = PBXGroup;
			children = (
				4D6CA3D721B1FC640020FDCF /* Homework-6-iOS-UITableView */,
				4D6CA3D621B1FC640020FDCF /* Products */,
			);
			sourceTree = "<group>";
		};
		4D6CA3D621B1FC640020FDCF /* Products */ = {
			isa = PBXGroup;
			children = (
				4D6CA3D521B1FC640020FDCF /* Homework-6-iOS-UITableView.app */,
			);
			name = Products;
			sourceTree = "<group>";
		};
		4D6CA3D721B1FC640020FDCF /* Homework-6-iOS-UITableView */ = {
			isa = PBXGroup;
			children = (
				4DCCB25B21BA6DE400DFC019 /* Note */,
				4DCCB25A21BA6DAF00DFC019 /* Calendar */,
				4D6CA3DF21B1FC660020FDCF /* Assets.xcassets */,
				4D6CA3D821B1FC640020FDCF /* AppDelegate.swift */,
				4D6CA3E121B1FC660020FDCF /* LaunchScreen.storyboard */,
				4D6CA3E421B1FC660020FDCF /* Info.plist */,
			);
			path = "Homework-6-iOS-UITableView";
			sourceTree = "<group>";
		};
		4DCCB25A21BA6DAF00DFC019 /* Calendar */ = {
			isa = PBXGroup;
			children = (
				4DCCB25421B9641900DFC019 /* CalendarCollectionViewController.swift */,
				4DCCB25821B9743A00DFC019 /* SectionHeaderView.swift */,
				4DCCB25621B964B200DFC019 /* CalendarCollectionViewCell.swift */,
				4DCCB25021B95F1800DFC019 /* Calendar.storyboard */,
			);
			name = Calendar;
			sourceTree = "<group>";
		};
		4DCCB25B21BA6DE400DFC019 /* Note */ = {
			isa = PBXGroup;
			children = (
				4D6CA3EA21B59BE90020FDCF /* NoteXibTableViewCell.swift */,
				4D6CA3EB21B59BE90020FDCF /* NoteXibTableViewCell.xib */,
				4D6CA3DA21B1FC640020FDCF /* TableNoteViewController.swift */,
				4DF4A7DA21C3E59C0063FCCB /* AddNoteViewController.swift */,
				4D982A3B21CA896500D6E304 /* noteStruct.swift */,
				4D6CA3DC21B1FC640020FDCF /* Note.storyboard */,
			);
			path = Note;
			sourceTree = "<group>";
		};
/* End PBXGroup section */

/* Begin PBXNativeTarget section */
		4D6CA3D421B1FC640020FDCF /* Homework-6-iOS-UITableView */ = {
			isa = PBXNativeTarget;
			buildConfigurationList = 4D6CA3E721B1FC660020FDCF /* Build configuration list for PBXNativeTarget "Homework-6-iOS-UITableView" */;
			buildPhases = (
				4D6CA3D121B1FC640020FDCF /* Sources */,
				4D6CA3D221B1FC640020FDCF /* Frameworks */,
				4D6CA3D321B1FC640020FDCF /* Resources */,
			);
			buildRules = (
			);
			dependencies = (
			);
			name = "Homework-6-iOS-UITableView";
			productName = "Homework-6-iOS-UITableView";
			productReference = 4D6CA3D521B1FC640020FDCF /* Homework-6-iOS-UITableView.app */;
			productType = "com.apple.product-type.application";
		};
/* End PBXNativeTarget section */

/* Begin PBXProject section */
		4D6CA3CD21B1FC640020FDCF /* Project object */ = {
			isa = PBXProject;
			attributes = {
				LastSwiftUpdateCheck = 1010;
				LastUpgradeCheck = 1010;
				ORGANIZATIONNAME = AndreiSavchenko;
				TargetAttributes = {
					4D6CA3D421B1FC640020FDCF = {
						CreatedOnToolsVersion = 10.1;
					};
				};
			};
			buildConfigurationList = 4D6CA3D021B1FC640020FDCF /* Build configuration list for PBXProject "Homework-6-iOS-UITableView" */;
			compatibilityVersion = "Xcode 9.3";
			developmentRegion = en;
			hasScannedForEncodings = 0;
			knownRegions = (
				en,
				Base,
			);
			mainGroup = 4D6CA3CC21B1FC640020FDCF;
			productRefGroup = 4D6CA3D621B1FC640020FDCF /* Products */;
			projectDirPath = "";
			projectRoot = "";
			targets = (
				4D6CA3D421B1FC640020FDCF /* Homework-6-iOS-UITableView */,
			);
		};
/* End PBXProject section */

/* Begin PBXResourcesBuildPhase section */
		4D6CA3D321B1FC640020FDCF /* Resources */ = {
			isa = PBXResourcesBuildPhase;
			buildActionMask = 2147483647;
			files = (
				4D6CA3E321B1FC660020FDCF /* LaunchScreen.storyboard in Resources */,
				4D6CA3ED21B59BE90020FDCF /* NoteXibTableViewCell.xib in Resources */,
				4D6CA3E021B1FC660020FDCF /* Assets.xcassets in Resources */,
				4DCCB25121B95F1800DFC019 /* Calendar.storyboard in Resources */,
				4D6CA3DE21B1FC640020FDCF /* Note.storyboard in Resources */,
			);
			runOnlyForDeploymentPostprocessing = 0;
		};
/* End PBXResourcesBuildPhase section */

/* Begin PBXSourcesBuildPhase section */
		4D6CA3D121B1FC640020FDCF /* Sources */ = {
			isa = PBXSourcesBuildPhase;
			buildActionMask = 2147483647;
			files = (
				4DF4A7DB21C3E59C0063FCCB /* AddNoteViewController.swift in Sources */,
				4D6CA3EC21B59BE90020FDCF /* NoteXibTableViewCell.swift in Sources */,
				4D6CA3DB21B1FC640020FDCF /* TableNoteViewController.swift in Sources */,
				4DCCB25521B9641900DFC019 /* CalendarCollectionViewController.swift in Sources */,
				4D6CA3D921B1FC640020FDCF /* AppDelegate.swift in Sources */,
				4DCCB25721B964B200DFC019 /* CalendarCollectionViewCell.swift in Sources */,
				4D982A3C21CA896500D6E304 /* noteStruct.swift in Sources */,
				4DCCB25921B9743A00DFC019 /* SectionHeaderView.swift in Sources */,
			);
			runOnlyForDeploymentPostprocessing = 0;
		};
/* End PBXSourcesBuildPhase section */

/* Begin PBXVariantGroup section */
		4D6CA3DC21B1FC640020FDCF /* Note.storyboard */ = {
			isa = PBXVariantGroup;
			children = (
				4D6CA3DD21B1FC640020FDCF /* Base */,
			);
			name = Note.storyboard;
			sourceTree = "<group>";
		};
		4D6CA3E121B1FC660020FDCF /* LaunchScreen.storyboard */ = {
			isa = PBXVariantGroup;
			children = (
				4D6CA3E221B1FC660020FDCF /* Base */,
			);
			name = LaunchScreen.storyboard;
			sourceTree = "<group>";
		};
/* End PBXVariantGroup section */

/* Begin XCBuildConfiguration section */
		4D6CA3E521B1FC660020FDCF /* Debug */ = {
			isa = XCBuildConfiguration;
			buildSettings = {
				ALWAYS_SEARCH_USER_PATHS = NO;
				CLANG_ANALYZER_NONNULL = YES;
				CLANG_ANALYZER_NUMBER_OBJECT_CONVERSION = YES_AGGRESSIVE;
				CLANG_CXX_LANGUAGE_STANDARD = "gnu++14";
				CLANG_CXX_LIBRARY = "libc++";
				CLANG_ENABLE_MODULES = YES;
				CLANG_ENABLE_OBJC_ARC = YES;
				CLANG_ENABLE_OBJC_WEAK = YES;
				CLANG_WARN_BLOCK_CAPTURE_AUTORELEASING = YES;
				CLANG_WARN_BOOL_CONVERSION = YES;
				CLANG_WARN_COMMA = YES;
				CLANG_WARN_CONSTANT_CONVERSION = YES;
				CLANG_WARN_DEPRECATED_OBJC_IMPLEMENTATIONS = YES;
				CLANG_WARN_DIRECT_OBJC_ISA_USAGE = YES_ERROR;
				CLANG_WARN_DOCUMENTATION_COMMENTS = YES;
				CLANG_WARN_EMPTY_BODY = YES;
				CLANG_WARN_ENUM_CONVERSION = YES;
				CLANG_WARN_INFINITE_RECURSION = YES;
				CLANG_WARN_INT_CONVERSION = YES;
				CLANG_WARN_NON_LITERAL_NULL_CONVERSION = YES;
				CLANG_WARN_OBJC_IMPLICIT_RETAIN_SELF = YES;
				CLANG_WARN_OBJC_LITERAL_CONVERSION = YES;
				CLANG_WARN_OBJC_ROOT_CLASS = YES_ERROR;
				CLANG_WARN_RANGE_LOOP_ANALYSIS = YES;
				CLANG_WARN_STRICT_PROTOTYPES = YES;
				CLANG_WARN_SUSPICIOUS_MOVE = YES;
				CLANG_WARN_UNGUARDED_AVAILABILITY = YES_AGGRESSIVE;
				CLANG_WARN_UNREACHABLE_CODE = YES;
				CLANG_WARN__DUPLICATE_METHOD_MATCH = YES;
				CODE_SIGN_IDENTITY = "iPhone Developer";
				COPY_PHASE_STRIP = NO;
				DEBUG_INFORMATION_FORMAT = dwarf;
				ENABLE_STRICT_OBJC_MSGSEND = YES;
				ENABLE_TESTABILITY = YES;
				GCC_C_LANGUAGE_STANDARD = gnu11;
				GCC_DYNAMIC_NO_PIC = NO;
				GCC_NO_COMMON_BLOCKS = YES;
				GCC_OPTIMIZATION_LEVEL = 0;
				GCC_PREPROCESSOR_DEFINITIONS = (
					"DEBUG=1",
					"$(inherited)",
				);
				GCC_WARN_64_TO_32_BIT_CONVERSION = YES;
				GCC_WARN_ABOUT_RETURN_TYPE = YES_ERROR;
				GCC_WARN_UNDECLARED_SELECTOR = YES;
				GCC_WARN_UNINITIALIZED_AUTOS = YES_AGGRESSIVE;
				GCC_WARN_UNUSED_FUNCTION = YES;
				GCC_WARN_UNUSED_VARIABLE = YES;
				IPHONEOS_DEPLOYMENT_TARGET = 12.1;
				MTL_ENABLE_DEBUG_INFO = INCLUDE_SOURCE;
				MTL_FAST_MATH = YES;
				ONLY_ACTIVE_ARCH = YES;
				SDKROOT = iphoneos;
				SWIFT_ACTIVE_COMPILATION_CONDITIONS = DEBUG;
				SWIFT_OPTIMIZATION_LEVEL = "-Onone";
			};
			name = Debug;
		};
		4D6CA3E621B1FC660020FDCF /* Release */ = {
			isa = XCBuildConfiguration;
			buildSettings = {
				ALWAYS_SEARCH_USER_PATHS = NO;
				CLANG_ANALYZER_NONNULL = YES;
				CLANG_ANALYZER_NUMBER_OBJECT_CONVERSION = YES_AGGRESSIVE;
				CLANG_CXX_LANGUAGE_STANDARD = "gnu++14";
				CLANG_CXX_LIBRARY = "libc++";
				CLANG_ENABLE_MODULES = YES;
				CLANG_ENABLE_OBJC_ARC = YES;
				CLANG_ENABLE_OBJC_WEAK = YES;
				CLANG_WARN_BLOCK_CAPTURE_AUTORELEASING = YES;
				CLANG_WARN_BOOL_CONVERSION = YES;
				CLANG_WARN_COMMA = YES;
				CLANG_WARN_CONSTANT_CONVERSION = YES;
				CLANG_WARN_DEPRECATED_OBJC_IMPLEMENTATIONS = YES;
				CLANG_WARN_DIRECT_OBJC_ISA_USAGE = YES_ERROR;
				CLANG_WARN_DOCUMENTATION_COMMENTS = YES;
				CLANG_WARN_EMPTY_BODY = YES;
				CLANG_WARN_ENUM_CONVERSION = YES;
				CLANG_WARN_INFINITE_RECURSION = YES;
				CLANG_WARN_INT_CONVERSION = YES;
				CLANG_WARN_NON_LITERAL_NULL_CONVERSION = YES;
				CLANG_WARN_OBJC_IMPLICIT_RETAIN_SELF = YES;
				CLANG_WARN_OBJC_LITERAL_CONVERSION = YES;
				CLANG_WARN_OBJC_ROOT_CLASS = YES_ERROR;
				CLANG_WARN_RANGE_LOOP_ANALYSIS = YES;
				CLANG_WARN_STRICT_PROTOTYPES = YES;
				CLANG_WARN_SUSPICIOUS_MOVE = YES;
				CLANG_WARN_UNGUARDED_AVAILABILITY = YES_AGGRESSIVE;
				CLANG_WARN_UNREACHABLE_CODE = YES;
				CLANG_WARN__DUPLICATE_METHOD_MATCH = YES;
				CODE_SIGN_IDENTITY = "iPhone Developer";
				COPY_PHASE_STRIP = NO;
				DEBUG_INFORMATION_FORMAT = "dwarf-with-dsym";
				ENABLE_NS_ASSERTIONS = NO;
				ENABLE_STRICT_OBJC_MSGSEND = YES;
				GCC_C_LANGUAGE_STANDARD = gnu11;
				GCC_NO_COMMON_BLOCKS = YES;
				GCC_WARN_64_TO_32_BIT_CONVERSION = YES;
				GCC_WARN_ABOUT_RETURN_TYPE = YES_ERROR;
				GCC_WARN_UNDECLARED_SELECTOR = YES;
				GCC_WARN_UNINITIALIZED_AUTOS = YES_AGGRESSIVE;
				GCC_WARN_UNUSED_FUNCTION = YES;
				GCC_WARN_UNUSED_VARIABLE = YES;
				IPHONEOS_DEPLOYMENT_TARGET = 12.1;
				MTL_ENABLE_DEBUG_INFO = NO;
				MTL_FAST_MATH = YES;
				SDKROOT = iphoneos;
				SWIFT_COMPILATION_MODE = wholemodule;
				SWIFT_OPTIMIZATION_LEVEL = "-O";
				VALIDATE_PRODUCT = YES;
			};
			name = Release;
		};
		4D6CA3E821B1FC660020FDCF /* Debug */ = {
			isa = XCBuildConfiguration;
			buildSettings = {
				ASSETCATALOG_COMPILER_APPICON_NAME = AppIcon;
				CODE_SIGN_STYLE = Automatic;
				INFOPLIST_FILE = "Homework-6-iOS-UITableView/Info.plist";
				LD_RUNPATH_SEARCH_PATHS = (
					"$(inherited)",
					"@executable_path/Frameworks",
				);
				PRODUCT_BUNDLE_IDENTIFIER = "jOK.Homework-6-iOS-UITableView";
				PRODUCT_NAME = "$(TARGET_NAME)";
				SWIFT_VERSION = 4.2;
				TARGETED_DEVICE_FAMILY = "1,2";
			};
			name = Debug;
		};
		4D6CA3E921B1FC660020FDCF /* Release */ = {
			isa = XCBuildConfiguration;
			buildSettings = {
				ASSETCATALOG_COMPILER_APPICON_NAME = AppIcon;
				CODE_SIGN_STYLE = Automatic;
				INFOPLIST_FILE = "Homework-6-iOS-UITableView/Info.plist";
				LD_RUNPATH_SEARCH_PATHS = (
					"$(inherited)",
					"@executable_path/Frameworks",
				);
				PRODUCT_BUNDLE_IDENTIFIER = "jOK.Homework-6-iOS-UITableView";
				PRODUCT_NAME = "$(TARGET_NAME)";
				SWIFT_VERSION = 4.2;
				TARGETED_DEVICE_FAMILY = "1,2";
			};
			name = Release;
		};
/* End XCBuildConfiguration section */

/* Begin XCConfigurationList section */
		4D6CA3D021B1FC640020FDCF /* Build configuration list for PBXProject "Homework-6-iOS-UITableView" */ = {
			isa = XCConfigurationList;
			buildConfigurations = (
				4D6CA3E521B1FC660020FDCF /* Debug */,
				4D6CA3E621B1FC660020FDCF /* Release */,
			);
			defaultConfigurationIsVisible = 0;
			defaultConfigurationName = Release;
		};
		4D6CA3E721B1FC660020FDCF /* Build configuration list for PBXNativeTarget "Homework-6-iOS-UITableView" */ = {
			isa = XCConfigurationList;
			buildConfigurations = (
				4D6CA3E821B1FC660020FDCF /* Debug */,
				4D6CA3E921B1FC660020FDCF /* Release */,
			);
			defaultConfigurationIsVisible = 0;
			defaultConfigurationName = Release;
		};
/* End XCConfigurationList section */
	};
	rootObject = 4D6CA3CD21B1FC640020FDCF /* Project object */;
}
